
Microsoft Visual Studio Solution File, Format Version 12.00
# Visual Studio Version 17
VisualStudioVersion = 17.14.36518.9
MinimumVisualStudioVersion = 10.0.40219.1
Project("{2150E333-8FDC-42A3-9474-1A3956D46DE8}") = "chapter03", "chapter03", "{02EA681E-C7D8-13C7-8484-4AC65E1B71E8}"
EndProject
Project("{8BC9CEB8-8B4A-11D0-8D11-00A0C91BC942}") = "hello-world", "chapter03\hello-world.vcxproj", "{7AA300B9-7691-FD1F-4BD1-377B2966F237}"
EndProject
Project("{8BC9CEB8-8B4A-11D0-8D11-00A0C91BC942}") = "pass-params", "chapter03\pass-params.vcxproj", "{CC1316EC-478A-E990-D6E1-3FFAEC3D9893}"
EndProject
Project("{8BC9CEB8-8B4A-11D0-8D11-00A0C91BC942}") = "query-device", "chapter03\query-device.vcxproj", "{86F9362D-0502-7EF5-866B-2BB8775161E5}"
EndProject
Project("{8BC9CEB8-8B4A-11D0-8D11-00A0C91BC942}") = "choose-device", "chapter03\choose-device.vcxproj", "{FFE75AD6-47DE-E2FB-DD70-95F4A6C2EF01}"
EndProject
Global
	GlobalSection(SolutionConfigurationPlatforms) = preSolution
		Debug|x64 = Debug|x64
		Debug|x86 = Debug|x86
		Release|x64 = Release|x64
		Release|x86 = Release|x86
	EndGlobalSection
	GlobalSection(ProjectConfigurationPlatforms) = postSolution
		{7AA300B9-7691-FD1F-4BD1-377B2966F237}.Debug|x64.ActiveCfg = Debug|x64
		{7AA300B9-7691-FD1F-4BD1-377B2966F237}.Debug|x64.Build.0 = Debug|x64
		{7AA300B9-7691-FD1F-4BD1-377B2966F237}.Debug|x86.ActiveCfg = Debug|x64
		{7AA300B9-7691-FD1F-4BD1-377B2966F237}.Debug|x86.Build.0 = Debug|x64
		{7AA300B9-7691-FD1F-4BD1-377B2966F237}.Release|x64.ActiveCfg = Release|x64
		{7AA300B9-7691-FD1F-4BD1-377B2966F237}.Release|x64.Build.0 = Release|x64
		{7AA300B9-7691-FD1F-4BD1-377B2966F237}.Release|x86.ActiveCfg = Release|x64
		{7AA300B9-7691-FD1F-4BD1-377B2966F237}.Release|x86.Build.0 = Release|x64
		{CC1316EC-478A-E990-D6E1-3FFAEC3D9893}.Debug|x64.ActiveCfg = Debug|x64
		{CC1316EC-478A-E990-D6E1-3FFAEC3D9893}.Debug|x64.Build.0 = Debug|x64
		{CC1316EC-478A-E990-D6E1-3FFAEC3D9893}.Debug|x86.ActiveCfg = Debug|x64
		{CC1316EC-478A-E990-D6E1-3FFAEC3D9893}.Debug|x86.Build.0 = Debug|x64
		{CC1316EC-478A-E990-D6E1-3FFAEC3D9893}.Release|x64.ActiveCfg = Release|x64
		{CC1316EC-478A-E990-D6E1-3FFAEC3D9893}.Release|x64.Build.0 = Release|x64
		{CC1316EC-478A-E990-D6E1-3FFAEC3D9893}.Release|x86.ActiveCfg = Release|x64
		{CC1316EC-478A-E990-D6E1-3FFAEC3D9893}.Release|x86.Build.0 = Release|x64
		{86F9362D-0502-7EF5-866B-2BB8775161E5}.Debug|x64.ActiveCfg = Debug|x64
		{86F9362D-0502-7EF5-866B-2BB8775161E5}.Debug|x64.Build.0 = Debug|x64
		{86F9362D-0502-7EF5-866B-2BB8775161E5}.Debug|x86.ActiveCfg = Debug|x64
		{86F9362D-0502-7EF5-866B-2BB8775161E5}.Debug|x86.Build.0 = Debug|x64
		{86F9362D-0502-7EF5-866B-2BB8775161E5}.Release|x64.ActiveCfg = Release|x64
		{86F9362D-0502-7EF5-866B-2BB8775161E5}.Release|x64.Build.0 = Release|x64
		{86F9362D-0502-7EF5-866B-2BB8775161E5}.Release|x86.ActiveCfg = Release|x64
		{86F9362D-0502-7EF5-866B-2BB8775161E5}.Release|x86.Build.0 = Release|x64
		{FFE75AD6-47DE-E2FB-DD70-95F4A6C2EF01}.Debug|x64.ActiveCfg = Debug|x64
		{FFE75AD6-47DE-E2FB-DD70-95F4A6C2EF01}.Debug|x64.Build.0 = Debug|x64
		{FFE75AD6-47DE-E2FB-DD70-95F4A6C2EF01}.Debug|x86.ActiveCfg = Debug|x64
		{FFE75AD6-47DE-E2FB-DD70-95F4A6C2EF01}.Debug|x86.Build.0 = Debug|x64
		{FFE75AD6-47DE-E2FB-DD70-95F4A6C2EF01}.Release|x64.ActiveCfg = Release|x64
		{FFE75AD6-47DE-E2FB-DD70-95F4A6C2EF01}.Release|x64.Build.0 = Release|x64
		{FFE75AD6-47DE-E2FB-DD70-95F4A6C2EF01}.Release|x86.ActiveCfg = Release|x64
		{FFE75AD6-47DE-E2FB-DD70-95F4A6C2EF01}.Release|x86.Build.0 = Release|x64
	EndGlobalSection
	GlobalSection(SolutionProperties) = preSolution
		HideSolutionNode = FALSE
	EndGlobalSection
	GlobalSection(NestedProjects) = preSolution
		{7AA300B9-7691-FD1F-4BD1-377B2966F237} = {02EA681E-C7D8-13C7-8484-4AC65E1B71E8}
		{CC1316EC-478A-E990-D6E1-3FFAEC3D9893} = {02EA681E-C7D8-13C7-8484-4AC65E1B71E8}
		{86F9362D-0502-7EF5-866B-2BB8775161E5} = {02EA681E-C7D8-13C7-8484-4AC65E1B71E8}
		{FFE75AD6-47DE-E2FB-DD70-95F4A6C2EF01} = {02EA681E-C7D8-13C7-8484-4AC65E1B71E8}
	EndGlobalSection
	GlobalSection(ExtensibilityGlobals) = postSolution
		SolutionGuid = {FED093CE-BF08-4D50-8C9E-A27BBAE0C32F}
	EndGlobalSection
EndGlobal
